
Microsoft Visual Studio Solution File, Format Version 12.00
# Visual Studio Version 17
VisualStudioVersion = 17.8.34330.188
MinimumVisualStudioVersion = 10.0.40219.1
Project("{FAE04EC0-301F-11D3-BF4B-00C04F79EFBC}") = "Welcome_To_The_City", "Welcome_To_The_City.csproj", "{4E676AE5-5BB3-4467-B3F6-160DEF85CB6F}"
EndProject
Global
	GlobalSection(SolutionConfigurationPlatforms) = preSolution
		Debug|Any CPU = Debug|Any CPU
		Release|Any CPU = Release|Any CPU
	EndGlobalSection
	GlobalSection(ProjectConfigurationPlatforms) = postSolution
		{4E676AE5-5BB3-4467-B3F6-160DEF85CB6F}.Debug|Any CPU.ActiveCfg = Debug|Any CPU
		{4E676AE5-5BB3-4467-B3F6-160DEF85CB6F}.Debug|Any CPU.Build.0 = Debug|Any CPU
		{4E676AE5-5BB3-4467-B3F6-160DEF85CB6F}.Release|Any CPU.ActiveCfg = Release|Any CPU
		{4E676AE5-5BB3-4467-B3F6-160DEF85CB6F}.Release|Any CPU.Build.0 = Release|Any CPU
	EndGlobalSection
	GlobalSection(SolutionProperties) = preSolution
		HideSolutionNode = FALSE
	EndGlobalSection
	GlobalSection(ExtensibilityGlobals) = postSolution
		SolutionGuid = {6EDF2610-2C0C-4726-8E9A-CC0DC621420D}
	EndGlobalSection
EndGlobal
