
Microsoft Visual Studio Solution File, Format Version 12.00
# Visual Studio Version 17
VisualStudioVersion = 17.10.34928.147
MinimumVisualStudioVersion = 10.0.40219.1
Project("{FAE04EC0-301F-11D3-BF4B-00C04F79EFBC}") = "FInd_nearest_square", "FInd_nearest_square.csproj", "{16E1729B-7FDD-44BC-9F85-46B542D4660D}"
EndProject
Global
	GlobalSection(SolutionConfigurationPlatforms) = preSolution
		Debug|Any CPU = Debug|Any CPU
		Release|Any CPU = Release|Any CPU
	EndGlobalSection
	GlobalSection(ProjectConfigurationPlatforms) = postSolution
		{16E1729B-7FDD-44BC-9F85-46B542D4660D}.Debug|Any CPU.ActiveCfg = Debug|Any CPU
		{16E1729B-7FDD-44BC-9F85-46B542D4660D}.Debug|Any CPU.Build.0 = Debug|Any CPU
		{16E1729B-7FDD-44BC-9F85-46B542D4660D}.Release|Any CPU.ActiveCfg = Release|Any CPU
		{16E1729B-7FDD-44BC-9F85-46B542D4660D}.Release|Any CPU.Build.0 = Release|Any CPU
	EndGlobalSection
	GlobalSection(SolutionProperties) = preSolution
		HideSolutionNode = FALSE
	EndGlobalSection
	GlobalSection(ExtensibilityGlobals) = postSolution
		SolutionGuid = {ED1DD7E3-FD54-4D50-8627-CE6A0F17AFBD}
	EndGlobalSection
EndGlobal
