
Microsoft Visual Studio Solution File, Format Version 12.00
# Visual Studio Version 17
VisualStudioVersion = 17.10.34928.147
MinimumVisualStudioVersion = 10.0.40219.1
Project("{FAE04EC0-301F-11D3-BF4B-00C04F79EFBC}") = "Collinearity", "Collinearity.csproj", "{C1103405-A7A3-433A-85A3-7F7D5784F61E}"
EndProject
Global
	GlobalSection(SolutionConfigurationPlatforms) = preSolution
		Debug|Any CPU = Debug|Any CPU
		Release|Any CPU = Release|Any CPU
	EndGlobalSection
	GlobalSection(ProjectConfigurationPlatforms) = postSolution
		{C1103405-A7A3-433A-85A3-7F7D5784F61E}.Debug|Any CPU.ActiveCfg = Debug|Any CPU
		{C1103405-A7A3-433A-85A3-7F7D5784F61E}.Debug|Any CPU.Build.0 = Debug|Any CPU
		{C1103405-A7A3-433A-85A3-7F7D5784F61E}.Release|Any CPU.ActiveCfg = Release|Any CPU
		{C1103405-A7A3-433A-85A3-7F7D5784F61E}.Release|Any CPU.Build.0 = Release|Any CPU
	EndGlobalSection
	GlobalSection(SolutionProperties) = preSolution
		HideSolutionNode = FALSE
	EndGlobalSection
	GlobalSection(ExtensibilityGlobals) = postSolution
		SolutionGuid = {C53A21EE-58E4-4B22-BBFC-2866E81AA9D3}
	EndGlobalSection
EndGlobal
